
Microsoft Visual Studio Solution File, Format Version 12.00
# Visual Studio Version 17
VisualStudioVersion = 17.14.36301.6 d17.14
MinimumVisualStudioVersion = 10.0.40219.1
Project("{FAE04EC0-301F-11D3-BF4B-00C04F79EFBC}") = "January Examination 2025-2026", "January Examination 2025-2026\January Examination 2025-2026.csproj", "{D2E9E16E-4FBA-46BE-90F6-1DE1F3EC3D32}"
EndProject
Global
	GlobalSection(SolutionConfigurationPlatforms) = preSolution
		Debug|Any CPU = Debug|Any CPU
		Release|Any CPU = Release|Any CPU
	EndGlobalSection
	GlobalSection(ProjectConfigurationPlatforms) = postSolution
		{D2E9E16E-4FBA-46BE-90F6-1DE1F3EC3D32}.Debug|Any CPU.ActiveCfg = Debug|Any CPU
		{D2E9E16E-4FBA-46BE-90F6-1DE1F3EC3D32}.Debug|Any CPU.Build.0 = Debug|Any CPU
		{D2E9E16E-4FBA-46BE-90F6-1DE1F3EC3D32}.Release|Any CPU.ActiveCfg = Release|Any CPU
		{D2E9E16E-4FBA-46BE-90F6-1DE1F3EC3D32}.Release|Any CPU.Build.0 = Release|Any CPU
	EndGlobalSection
	GlobalSection(SolutionProperties) = preSolution
		HideSolutionNode = FALSE
	EndGlobalSection
	GlobalSection(ExtensibilityGlobals) = postSolution
		SolutionGuid = {E194EA5B-D805-4E05-93AB-2C28B1DA7843}
	EndGlobalSection
EndGlobal
